
Microsoft Visual Studio Solution File, Format Version 12.00
# Visual Studio Version 17
VisualStudioVersion = 17.5.33516.290
MinimumVisualStudioVersion = 10.0.40219.1
Project("{FAE04EC0-301F-11D3-BF4B-00C04F79EFBC}") = "Modelo", "Modelo\Modelo.csproj", "{1BA588B2-BB32-4293-9FDC-6C283E309808}"
EndProject
Project("{FAE04EC0-301F-11D3-BF4B-00C04F79EFBC}") = "VistaWeb", "VistaWeb\VistaWeb.csproj", "{137D0778-3337-4B91-BDDB-69DEDDAB6152}"
EndProject
Project("{FAE04EC0-301F-11D3-BF4B-00C04F79EFBC}") = "Controlador", "Controlador\Controlador.csproj", "{0B50DEDE-648D-45A9-8268-057906138585}"
EndProject
Global
	GlobalSection(SolutionConfigurationPlatforms) = preSolution
		Debug|Any CPU = Debug|Any CPU
		Release|Any CPU = Release|Any CPU
	EndGlobalSection
	GlobalSection(ProjectConfigurationPlatforms) = postSolution
		{1BA588B2-BB32-4293-9FDC-6C283E309808}.Debug|Any CPU.ActiveCfg = Debug|Any CPU
		{1BA588B2-BB32-4293-9FDC-6C283E309808}.Debug|Any CPU.Build.0 = Debug|Any CPU
		{1BA588B2-BB32-4293-9FDC-6C283E309808}.Release|Any CPU.ActiveCfg = Release|Any CPU
		{1BA588B2-BB32-4293-9FDC-6C283E309808}.Release|Any CPU.Build.0 = Release|Any CPU
		{137D0778-3337-4B91-BDDB-69DEDDAB6152}.Debug|Any CPU.ActiveCfg = Debug|Any CPU
		{137D0778-3337-4B91-BDDB-69DEDDAB6152}.Debug|Any CPU.Build.0 = Debug|Any CPU
		{137D0778-3337-4B91-BDDB-69DEDDAB6152}.Release|Any CPU.ActiveCfg = Release|Any CPU
		{137D0778-3337-4B91-BDDB-69DEDDAB6152}.Release|Any CPU.Build.0 = Release|Any CPU
		{0B50DEDE-648D-45A9-8268-057906138585}.Debug|Any CPU.ActiveCfg = Debug|Any CPU
		{0B50DEDE-648D-45A9-8268-057906138585}.Debug|Any CPU.Build.0 = Debug|Any CPU
		{0B50DEDE-648D-45A9-8268-057906138585}.Release|Any CPU.ActiveCfg = Release|Any CPU
		{0B50DEDE-648D-45A9-8268-057906138585}.Release|Any CPU.Build.0 = Release|Any CPU
	EndGlobalSection
	GlobalSection(SolutionProperties) = preSolution
		HideSolutionNode = FALSE
	EndGlobalSection
	GlobalSection(ExtensibilityGlobals) = postSolution
		SolutionGuid = {0A7C604A-6E01-41DE-9EBC-C564D72D9E7D}
	EndGlobalSection
EndGlobal
